// !$*UTF8*$!
{
	archiveVersion = 1;
	classes = {
	};
	objectVersion = 46;
	objects = {

/* Begin PBXBuildFile section */
		CC80F9131C11304C00B09BDE /* main.m in Sources */ = {isa = PBXBuildFile; fileRef = CC80F9121C11304C00B09BDE /* main.m */; };
		CC80F9161C11304C00B09BDE /* AppDelegate.m in Sources */ = {isa = PBXBuildFile; fileRef = CC80F9151C11304C00B09BDE /* AppDelegate.m */; };
		CC80F9191C11304C00B09BDE /* ViewController.m in Sources */ = {isa = PBXBuildFile; fileRef = CC80F9181C11304C00B09BDE /* ViewController.m */; };
		CC80F91C1C11304C00B09BDE /* Main.storyboard in Resources */ = {isa = PBXBuildFile; fileRef = CC80F91A1C11304C00B09BDE /* Main.storyboard */; };
		CC80F91E1C11304C00B09BDE /* Images.xcassets in Resources */ = {isa = PBXBuildFile; fileRef = CC80F91D1C11304C00B09BDE /* Images.xcassets */; };
		CC80F9211C11304C00B09BDE /* LaunchScreen.xib in Resources */ = {isa = PBXBuildFile; fileRef = CC80F91F1C11304C00B09BDE /* LaunchScreen.xib */; };
		CC80F92D1C11304C00B09BDE /* _1______Tests.m in Sources */ = {isa = PBXBuildFile; fileRef = CC80F92C1C11304C00B09BDE /* _1______Tests.m */; };
		CC80F9371C11306600B09BDE /* sortednames.plist in Resources */ = {isa = PBXBuildFile; fileRef = CC80F9361C11306600B09BDE /* sortednames.plist */; };
/* End PBXBuildFile section */

/* Begin PBXContainerItemProxy section */
		CC80F9271C11304C00B09BDE /* PBXContainerItemProxy */ = {
			isa = PBXContainerItemProxy;
			containerPortal = CC80F9051C11304B00B09BDE /* Project object */;
			proxyType = 1;
			remoteGlobalIDString = CC80F90C1C11304B00B09BDE;
			remoteInfo = "01-索引表视图";
		};
/* End PBXContainerItemProxy section */

/* Begin PBXFileReference section */
		CC80F90D1C11304B00B09BDE /* 01-索引表视图.app */ = {isa = PBXFileReference; explicitFileType = wrapper.application; includeInIndex = 0; path = "01-索引表视图.app"; sourceTree = BUILT_PRODUCTS_DIR; };
		CC80F9111C11304C00B09BDE /* Info.plist */ = {isa = PBXFileReference; lastKnownFileType = text.plist.xml; path = Info.plist; sourceTree = "<group>"; };
		CC80F9121C11304C00B09BDE /* main.m */ = {isa = PBXFileReference; lastKnownFileType = sourcecode.c.objc; path = main.m; sourceTree = "<group>"; };
		CC80F9141C11304C00B09BDE /* AppDelegate.h */ = {isa = PBXFileReference; lastKnownFileType = sourcecode.c.h; path = AppDelegate.h; sourceTree = "<group>"; };
		CC80F9151C11304C00B09BDE /* AppDelegate.m */ = {isa = PBXFileReference; lastKnownFileType = sourcecode.c.objc; path = AppDelegate.m; sourceTree = "<group>"; };
		CC80F9171C11304C00B09BDE /* ViewController.h */ = {isa = PBXFileReference; lastKnownFileType = sourcecode.c.h; path = ViewController.h; sourceTree = "<group>"; };
		CC80F9181C11304C00B09BDE /* ViewController.m */ = {isa = PBXFileReference; lastKnownFileType = sourcecode.c.objc; path = ViewController.m; sourceTree = "<group>"; };
		CC80F91B1C11304C00B09BDE /* Base */ = {isa = PBXFileReference; lastKnownFileType = file.storyboard; name = Base; path = Base.lproj/Main.storyboard; sourceTree = "<group>"; };
		CC80F91D1C11304C00B09BDE /* Images.xcassets */ = {isa = PBXFileReference; lastKnownFileType = folder.assetcatalog; path = Images.xcassets; sourceTree = "<group>"; };
		CC80F9201C11304C00B09BDE /* Base */ = {isa = PBXFileReference; lastKnownFileType = file.xib; name = Base; path = Base.lproj/LaunchScreen.xib; sourceTree = "<group>"; };
		CC80F9261C11304C00B09BDE /* 01-索引表视图Tests.xctest */ = {isa = PBXFileReference; explicitFileType = wrapper.cfbundle; includeInIndex = 0; path = "01-索引表视图Tests.xctest"; sourceTree = BUILT_PRODUCTS_DIR; };
		CC80F92B1C11304C00B09BDE /* Info.plist */ = {isa = PBXFileReference; lastKnownFileType = text.plist.xml; path = Info.plist; sourceTree = "<group>"; };
		CC80F92C1C11304C00B09BDE /* _1______Tests.m */ = {isa = PBXFileReference; lastKnownFileType = sourcecode.c.objc; path = "_1______Tests.m"; sourceTree = "<group>"; };
		CC80F9361C11306600B09BDE /* sortednames.plist */ = {isa = PBXFileReference; fileEncoding = 4; lastKnownFileType = text.plist.xml; path = sortednames.plist; sourceTree = "<group>"; };
/* End PBXFileReference section */

/* Begin PBXFrameworksBuildPhase section */
		CC80F90A1C11304B00B09BDE /* Frameworks */ = {
			isa = PBXFrameworksBuildPhase;
			buildActionMask = 2147483647;
			files = (
			);
			runOnlyForDeploymentPostprocessing = 0;
		};
		CC80F9231C11304C00B09BDE /* Frameworks */ = {
			isa = PBXFrameworksBuildPhase;
			buildActionMask = 2147483647;
			files = (
			);
			runOnlyForDeploymentPostprocessing = 0;
		};
/* End PBXFrameworksBuildPhase section */

/* Begin PBXGroup section */
		CC80F9041C11304B00B09BDE = {
			isa = PBXGroup;
			children = (
				CC80F90F1C11304B00B09BDE /* 01-索引表视图 */,
				CC80F9291C11304C00B09BDE /* 01-索引表视图Tests */,
				CC80F90E1C11304B00B09BDE /* Products */,
			);
			sourceTree = "<group>";
		};
		CC80F90E1C11304B00B09BDE /* Products */ = {
			isa = PBXGroup;
			children = (
				CC80F90D1C11304B00B09BDE /* 01-索引表视图.app */,
				CC80F9261C11304C00B09BDE /* 01-索引表视图Tests.xctest */,
			);
			name = Products;
			sourceTree = "<group>";
		};
		CC80F90F1C11304B00B09BDE /* 01-索引表视图 */ = {
			isa = PBXGroup;
			children = (
				CC80F9141C11304C00B09BDE /* AppDelegate.h */,
				CC80F9151C11304C00B09BDE /* AppDelegate.m */,
				CC80F9171C11304C00B09BDE /* ViewController.h */,
				CC80F9181C11304C00B09BDE /* ViewController.m */,
				CC80F91A1C11304C00B09BDE /* Main.storyboard */,
				CC80F91D1C11304C00B09BDE /* Images.xcassets */,
				CC80F91F1C11304C00B09BDE /* LaunchScreen.xib */,
				CC80F9101C11304B00B09BDE /* Supporting Files */,
			);
			path = "01-索引表视图";
			sourceTree = "<group>";
		};
		CC80F9101C11304B00B09BDE /* Supporting Files */ = {
			isa = PBXGroup;
			children = (
				CC80F9361C11306600B09BDE /* sortednames.plist */,
				CC80F9111C11304C00B09BDE /* Info.plist */,
				CC80F9121C11304C00B09BDE /* main.m */,
			);
			name = "Supporting Files";
			sourceTree = "<group>";
		};
		CC80F9291C11304C00B09BDE /* 01-索引表视图Tests */ = {
			isa = PBXGroup;
			children = (
				CC80F92C1C11304C00B09BDE /* _1______Tests.m */,
				CC80F92A1C11304C00B09BDE /* Supporting Files */,
			);
			path = "01-索引表视图Tests";
			sourceTree = "<group>";
		};
		CC80F92A1C11304C00B09BDE /* Supporting Files */ = {
			isa = PBXGroup;
			children = (
				CC80F92B1C11304C00B09BDE /* Info.plist */,
			);
			name = "Supporting Files";
			sourceTree = "<group>";
		};
/* End PBXGroup section */

/* Begin PBXNativeTarget section */
		CC80F90C1C11304B00B09BDE /* 01-索引表视图 */ = {
			isa = PBXNativeTarget;
			buildConfigurationList = CC80F9301C11304C00B09BDE /* Build configuration list for PBXNativeTarget "01-索引表视图" */;
			buildPhases = (
				CC80F9091C11304B00B09BDE /* Sources */,
				CC80F90A1C11304B00B09BDE /* Frameworks */,
				CC80F90B1C11304B00B09BDE /* Resources */,
			);
			buildRules = (
			);
			dependencies = (
			);
			name = "01-索引表视图";
			productName = "01-索引表视图";
			productReference = CC80F90D1C11304B00B09BDE /* 01-索引表视图.app */;
			productType = "com.apple.product-type.application";
		};
		CC80F9251C11304C00B09BDE /* 01-索引表视图Tests */ = {
			isa = PBXNativeTarget;
			buildConfigurationList = CC80F9331C11304C00B09BDE /* Build configuration list for PBXNativeTarget "01-索引表视图Tests" */;
			buildPhases = (
				CC80F9221C11304C00B09BDE /* Sources */,
				CC80F9231C11304C00B09BDE /* Frameworks */,
				CC80F9241C11304C00B09BDE /* Resources */,
			);
			buildRules = (
			);
			dependencies = (
				CC80F9281C11304C00B09BDE /* PBXTargetDependency */,
			);
			name = "01-索引表视图Tests";
			productName = "01-索引表视图Tests";
			productReference = CC80F9261C11304C00B09BDE /* 01-索引表视图Tests.xctest */;
			productType = "com.apple.product-type.bundle.unit-test";
		};
/* End PBXNativeTarget section */

/* Begin PBXProject section */
		CC80F9051C11304B00B09BDE /* Project object */ = {
			isa = PBXProject;
			attributes = {
				LastUpgradeCheck = 0630;
				ORGANIZATIONNAME = "河南青云信息技术有限公司";
				TargetAttributes = {
					CC80F90C1C11304B00B09BDE = {
						CreatedOnToolsVersion = 6.3;
					};
					CC80F9251C11304C00B09BDE = {
						CreatedOnToolsVersion = 6.3;
						TestTargetID = CC80F90C1C11304B00B09BDE;
					};
				};
			};
			buildConfigurationList = CC80F9081C11304B00B09BDE /* Build configuration list for PBXProject "01-索引表视图" */;
			compatibilityVersion = "Xcode 3.2";
			developmentRegion = English;
			hasScannedForEncodings = 0;
			knownRegions = (
				en,
				Base,
			);
			mainGroup = CC80F9041C11304B00B09BDE;
			productRefGroup = CC80F90E1C11304B00B09BDE /* Products */;
			projectDirPath = "";
			projectRoot = "";
			targets = (
				CC80F90C1C11304B00B09BDE /* 01-索引表视图 */,
				CC80F9251C11304C00B09BDE /* 01-索引表视图Tests */,
			);
		};
/* End PBXProject section */

/* Begin PBXResourcesBuildPhase section */
		CC80F90B1C11304B00B09BDE /* Resources */ = {
			isa = PBXResourcesBuildPhase;
			buildActionMask = 2147483647;
			files = (
				CC80F9371C11306600B09BDE /* sortednames.plist in Resources */,
				CC80F91C1C11304C00B09BDE /* Main.storyboard in Resources */,
				CC80F9211C11304C00B09BDE /* LaunchScreen.xib in Resources */,
				CC80F91E1C11304C00B09BDE /* Images.xcassets in Resources */,
			);
			runOnlyForDeploymentPostprocessing = 0;
		};
		CC80F9241C11304C00B09BDE /* Resources */ = {
			isa = PBXResourcesBuildPhase;
			buildActionMask = 2147483647;
			files = (
			);
			runOnlyForDeploymentPostprocessing = 0;
		};
/* End PBXResourcesBuildPhase section */

/* Begin PBXSourcesBuildPhase section */
		CC80F9091C11304B00B09BDE /* Sources */ = {
			isa = PBXSourcesBuildPhase;
			buildActionMask = 2147483647;
			files = (
				CC80F9191C11304C00B09BDE /* ViewController.m in Sources */,
				CC80F9161C11304C00B09BDE /* AppDelegate.m in Sources */,
				CC80F9131C11304C00B09BDE /* main.m in Sources */,
			);
			runOnlyForDeploymentPostprocessing = 0;
		};
		CC80F9221C11304C00B09BDE /* Sources */ = {
			isa = PBXSourcesBuildPhase;
			buildActionMask = 2147483647;
			files = (
				CC80F92D1C11304C00B09BDE /* _1______Tests.m in Sources */,
			);
			runOnlyForDeploymentPostprocessing = 0;
		};
/* End PBXSourcesBuildPhase section */

/* Begin PBXTargetDependency section */
		CC80F9281C11304C00B09BDE /* PBXTargetDependency */ = {
			isa = PBXTargetDependency;
			target = CC80F90C1C11304B00B09BDE /* 01-索引表视图 */;
			targetProxy = CC80F9271C11304C00B09BDE /* PBXContainerItemProxy */;
		};
/* End PBXTargetDependency section */

/* Begin PBXVariantGroup section */
		CC80F91A1C11304C00B09BDE /* Main.storyboard */ = {
			isa = PBXVariantGroup;
			children = (
				CC80F91B1C11304C00B09BDE /* Base */,
			);
			name = Main.storyboard;
			sourceTree = "<group>";
		};
		CC80F91F1C11304C00B09BDE /* LaunchScreen.xib */ = {
			isa = PBXVariantGroup;
			children = (
				CC80F9201C11304C00B09BDE /* Base */,
			);
			name = LaunchScreen.xib;
			sourceTree = "<group>";
		};
/* End PBXVariantGroup section */

/* Begin XCBuildConfiguration section */
		CC80F92E1C11304C00B09BDE /* Debug */ = {
			isa = XCBuildConfiguration;
			buildSettings = {
				ALWAYS_SEARCH_USER_PATHS = NO;
				CLANG_CXX_LANGUAGE_STANDARD = "gnu++0x";
				CLANG_CXX_LIBRARY = "libc++";
				CLANG_ENABLE_MODULES = YES;
				CLANG_ENABLE_OBJC_ARC = YES;
				CLANG_WARN_BOOL_CONVERSION = YES;
				CLANG_WARN_CONSTANT_CONVERSION = YES;
				CLANG_WARN_DIRECT_OBJC_ISA_USAGE = YES_ERROR;
				CLANG_WARN_EMPTY_BODY = YES;
				CLANG_WARN_ENUM_CONVERSION = YES;
				CLANG_WARN_INT_CONVERSION = YES;
				CLANG_WARN_OBJC_ROOT_CLASS = YES_ERROR;
				CLANG_WARN_UNREACHABLE_CODE = YES;
				CLANG_WARN__DUPLICATE_METHOD_MATCH = YES;
				"CODE_SIGN_IDENTITY[sdk=iphoneos*]" = "iPhone Developer";
				COPY_PHASE_STRIP = NO;
				DEBUG_INFORMATION_FORMAT = "dwarf-with-dsym";
				ENABLE_STRICT_OBJC_MSGSEND = YES;
				GCC_C_LANGUAGE_STANDARD = gnu99;
				GCC_DYNAMIC_NO_PIC = NO;
				GCC_NO_COMMON_BLOCKS = YES;
				GCC_OPTIMIZATION_LEVEL = 0;
				GCC_PREPROCESSOR_DEFINITIONS = (
					"DEBUG=1",
					"$(inherited)",
				);
				GCC_SYMBOLS_PRIVATE_EXTERN = NO;
				GCC_WARN_64_TO_32_BIT_CONVERSION = YES;
				GCC_WARN_ABOUT_RETURN_TYPE = YES_ERROR;
				GCC_WARN_UNDECLARED_SELECTOR = YES;
				GCC_WARN_UNINITIALIZED_AUTOS = YES_AGGRESSIVE;
				GCC_WARN_UNUSED_FUNCTION = YES;
				GCC_WARN_UNUSED_VARIABLE = YES;
				IPHONEOS_DEPLOYMENT_TARGET = 8.3;
				MTL_ENABLE_DEBUG_INFO = YES;
				ONLY_ACTIVE_ARCH = YES;
				SDKROOT = iphoneos;
			};
			name = Debug;
		};
		CC80F92F1C11304C00B09BDE /* Release */ = {
			isa = XCBuildConfiguration;
			buildSettings = {
				ALWAYS_SEARCH_USER_PATHS = NO;
				CLANG_CXX_LANGUAGE_STANDARD = "gnu++0x";
				CLANG_CXX_LIBRARY = "libc++";
				CLANG_ENABLE_MODULES = YES;
				CLANG_ENABLE_OBJC_ARC = YES;
				CLANG_WARN_BOOL_CONVERSION = YES;
				CLANG_WARN_CONSTANT_CONVERSION = YES;
				CLANG_WARN_DIRECT_OBJC_ISA_USAGE = YES_ERROR;
				CLANG_WARN_EMPTY_BODY = YES;
				CLANG_WARN_ENUM_CONVERSION = YES;
				CLANG_WARN_INT_CONVERSION = YES;
				CLANG_WARN_OBJC_ROOT_CLASS = YES_ERROR;
				CLANG_WARN_UNREACHABLE_CODE = YES;
				CLANG_WARN__DUPLICATE_METHOD_MATCH = YES;
				"CODE_SIGN_IDENTITY[sdk=iphoneos*]" = "iPhone Developer";
				COPY_PHASE_STRIP = NO;
				DEBUG_INFORMATION_FORMAT = "dwarf-with-dsym";
				ENABLE_NS_ASSERTIONS = NO;
				ENABLE_STRICT_OBJC_MSGSEND = YES;
				GCC_C_LANGUAGE_STANDARD = gnu99;
				GCC_NO_COMMON_BLOCKS = YES;
				GCC_WARN_64_TO_32_BIT_CONVERSION = YES;
				GCC_WARN_ABOUT_RETURN_TYPE = YES_ERROR;
				GCC_WARN_UNDECLARED_SELECTOR = YES;
				GCC_WARN_UNINITIALIZED_AUTOS = YES_AGGRESSIVE;
				GCC_WARN_UNUSED_FUNCTION = YES;
				GCC_WARN_UNUSED_VARIABLE = YES;
				IPHONEOS_DEPLOYMENT_TARGET = 8.3;
				MTL_ENABLE_DEBUG_INFO = NO;
				SDKROOT = iphoneos;
				VALIDATE_PRODUCT = YES;
			};
			name = Release;
		};
		CC80F9311C11304C00B09BDE /* Debug */ = {
			isa = XCBuildConfiguration;
			buildSettings = {
				ASSETCATALOG_COMPILER_APPICON_NAME = AppIcon;
				INFOPLIST_FILE = "01-索引表视图/Info.plist";
				LD_RUNPATH_SEARCH_PATHS = "$(inherited) @executable_path/Frameworks";
				PRODUCT_NAME = "$(TARGET_NAME)";
			};
			name = Debug;
		};
		CC80F9321C11304C00B09BDE /* Release */ = {
			isa = XCBuildConfiguration;
			buildSettings = {
				ASSETCATALOG_COMPILER_APPICON_NAME = AppIcon;
				INFOPLIST_FILE = "01-索引表视图/Info.plist";
				LD_RUNPATH_SEARCH_PATHS = "$(inherited) @executable_path/Frameworks";
				PRODUCT_NAME = "$(TARGET_NAME)";
			};
			name = Release;
		};
		CC80F9341C11304C00B09BDE /* Debug */ = {
			isa = XCBuildConfiguration;
			buildSettings = {
				BUNDLE_LOADER = "$(TEST_HOST)";
				FRAMEWORK_SEARCH_PATHS = (
					"$(SDKROOT)/Developer/Library/Frameworks",
					"$(inherited)",
				);
				GCC_PREPROCESSOR_DEFINITIONS = (
					"DEBUG=1",
					"$(inherited)",
				);
				INFOPLIST_FILE = "01-索引表视图Tests/Info.plist";
				LD_RUNPATH_SEARCH_PATHS = "$(inherited) @executable_path/Frameworks @loader_path/Frameworks";
				PRODUCT_NAME = "$(TARGET_NAME)";
				TEST_HOST = "$(BUILT_PRODUCTS_DIR)/01-索引表视图.app/01-索引表视图";
			};
			name = Debug;
		};
		CC80F9351C11304C00B09BDE /* Release */ = {
			isa = XCBuildConfiguration;
			buildSettings = {
				BUNDLE_LOADER = "$(TEST_HOST)";
				FRAMEWORK_SEARCH_PATHS = (
					"$(SDKROOT)/Developer/Library/Frameworks",
					"$(inherited)",
				);
				INFOPLIST_FILE = "01-索引表视图Tests/Info.plist";
				LD_RUNPATH_SEARCH_PATHS = "$(inherited) @executable_path/Frameworks @loader_path/Frameworks";
				PRODUCT_NAME = "$(TARGET_NAME)";
				TEST_HOST = "$(BUILT_PRODUCTS_DIR)/01-索引表视图.app/01-索引表视图";
			};
			name = Release;
		};
/* End XCBuildConfiguration section */

/* Begin XCConfigurationList section */
		CC80F9081C11304B00B09BDE /* Build configuration list for PBXProject "01-索引表视图" */ = {
			isa = XCConfigurationList;
			buildConfigurations = (
				CC80F92E1C11304C00B09BDE /* Debug */,
				CC80F92F1C11304C00B09BDE /* Release */,
			);
			defaultConfigurationIsVisible = 0;
			defaultConfigurationName = Release;
		};
		CC80F9301C11304C00B09BDE /* Build configuration list for PBXNativeTarget "01-索引表视图" */ = {
			isa = XCConfigurationList;
			buildConfigurations = (
				CC80F9311C11304C00B09BDE /* Debug */,
				CC80F9321C11304C00B09BDE /* Release */,
			);
			defaultConfigurationIsVisible = 0;
		};
		CC80F9331C11304C00B09BDE /* Build configuration list for PBXNativeTarget "01-索引表视图Tests" */ = {
			isa = XCConfigurationList;
			buildConfigurations = (
				CC80F9341C11304C00B09BDE /* Debug */,
				CC80F9351C11304C00B09BDE /* Release */,
			);
			defaultConfigurationIsVisible = 0;
		};
/* End XCConfigurationList section */
	};
	rootObject = CC80F9051C11304B00B09BDE /* Project object */;
}
